// !$*UTF8*$!
{
	archiveVersion = 1;
	classes = {
	};
	objectVersion = 56;
	objects = {

/* Begin PBXBuildFile section */
		B2A3E6ED2902F2680059F150 /* RestartApp.swift in Sources */ = {isa = PBXBuildFile; fileRef = B2A3E6EC2902F2680059F150 /* RestartApp.swift */; };
		B2A3E6EF2902F2680059F150 /* ContentView.swift in Sources */ = {isa = PBXBuildFile; fileRef = B2A3E6EE2902F2680059F150 /* ContentView.swift */; };
		B2A3E6F12902F26A0059F150 /* Assets.xcassets in Resources */ = {isa = PBXBuildFile; fileRef = B2A3E6F02902F26A0059F150 /* Assets.xcassets */; };
		B2A3E6F42902F26A0059F150 /* Preview Assets.xcassets in Resources */ = {isa = PBXBuildFile; fileRef = B2A3E6F32902F26A0059F150 /* Preview Assets.xcassets */; };
		B2A3E6FD2902F2AF0059F150 /* success.m4a in Resources */ = {isa = PBXBuildFile; fileRef = B2A3E6FB2902F2AF0059F150 /* success.m4a */; };
		B2A3E6FE2902F2AF0059F150 /* chimeup.mp3 in Resources */ = {isa = PBXBuildFile; fileRef = B2A3E6FC2902F2AF0059F150 /* chimeup.mp3 */; };
		B2A3E703290314610059F150 /* OnboardingView.swift in Sources */ = {isa = PBXBuildFile; fileRef = B2A3E702290314610059F150 /* OnboardingView.swift */; };
		B2A3E705290314790059F150 /* HomeView.swift in Sources */ = {isa = PBXBuildFile; fileRef = B2A3E704290314790059F150 /* HomeView.swift */; };
		B2A3E70929031F170059F150 /* Text+Extension.swift in Sources */ = {isa = PBXBuildFile; fileRef = B2A3E70829031F170059F150 /* Text+Extension.swift */; };
		B2DFE5C329A55BBC00C7F027 /* CircleGroupView.swift in Sources */ = {isa = PBXBuildFile; fileRef = B2DFE5C229A55BBC00C7F027 /* CircleGroupView.swift */; };
		B2DFE5C629A695F200C7F027 /* AudioPlayer.swift in Sources */ = {isa = PBXBuildFile; fileRef = B2DFE5C529A695F200C7F027 /* AudioPlayer.swift */; };
/* End PBXBuildFile section */

/* Begin PBXFileReference section */
		B2A3E6E92902F2680059F150 /* Restart.app */ = {isa = PBXFileReference; explicitFileType = wrapper.application; includeInIndex = 0; path = Restart.app; sourceTree = BUILT_PRODUCTS_DIR; };
		B2A3E6EC2902F2680059F150 /* RestartApp.swift */ = {isa = PBXFileReference; lastKnownFileType = sourcecode.swift; path = RestartApp.swift; sourceTree = "<group>"; };
		B2A3E6EE2902F2680059F150 /* ContentView.swift */ = {isa = PBXFileReference; lastKnownFileType = sourcecode.swift; path = ContentView.swift; sourceTree = "<group>"; };
		B2A3E6F02902F26A0059F150 /* Assets.xcassets */ = {isa = PBXFileReference; lastKnownFileType = folder.assetcatalog; path = Assets.xcassets; sourceTree = "<group>"; };
		B2A3E6F32902F26A0059F150 /* Preview Assets.xcassets */ = {isa = PBXFileReference; lastKnownFileType = folder.assetcatalog; path = "Preview Assets.xcassets"; sourceTree = "<group>"; };
		B2A3E6FB2902F2AF0059F150 /* success.m4a */ = {isa = PBXFileReference; lastKnownFileType = file; path = success.m4a; sourceTree = "<group>"; };
		B2A3E6FC2902F2AF0059F150 /* chimeup.mp3 */ = {isa = PBXFileReference; lastKnownFileType = audio.mp3; path = chimeup.mp3; sourceTree = "<group>"; };
		B2A3E702290314610059F150 /* OnboardingView.swift */ = {isa = PBXFileReference; lastKnownFileType = sourcecode.swift; path = OnboardingView.swift; sourceTree = "<group>"; };
		B2A3E704290314790059F150 /* HomeView.swift */ = {isa = PBXFileReference; lastKnownFileType = sourcecode.swift; path = HomeView.swift; sourceTree = "<group>"; };
		B2A3E70829031F170059F150 /* Text+Extension.swift */ = {isa = PBXFileReference; lastKnownFileType = sourcecode.swift; path = "Text+Extension.swift"; sourceTree = "<group>"; };
		B2DFE5C229A55BBC00C7F027 /* CircleGroupView.swift */ = {isa = PBXFileReference; lastKnownFileType = sourcecode.swift; path = CircleGroupView.swift; sourceTree = "<group>"; };
		B2DFE5C529A695F200C7F027 /* AudioPlayer.swift */ = {isa = PBXFileReference; lastKnownFileType = sourcecode.swift; path = AudioPlayer.swift; sourceTree = "<group>"; };
/* End PBXFileReference section */

/* Begin PBXFrameworksBuildPhase section */
		B2A3E6E62902F2680059F150 /* Frameworks */ = {
			isa = PBXFrameworksBuildPhase;
			buildActionMask = 2147483647;
			files = (
			);
			runOnlyForDeploymentPostprocessing = 0;
		};
/* End PBXFrameworksBuildPhase section */

/* Begin PBXGroup section */
		B2A3E6E02902F2670059F150 = {
			isa = PBXGroup;
			children = (
				B2A3E6EB2902F2680059F150 /* Restart */,
				B2A3E6EA2902F2680059F150 /* Products */,
			);
			sourceTree = "<group>";
		};
		B2A3E6EA2902F2680059F150 /* Products */ = {
			isa = PBXGroup;
			children = (
				B2A3E6E92902F2680059F150 /* Restart.app */,
			);
			name = Products;
			sourceTree = "<group>";
		};
		B2A3E6EB2902F2680059F150 /* Restart */ = {
			isa = PBXGroup;
			children = (
				B2A3E70629031EF60059F150 /* Utilities */,
				B2A3E6FA2902F2A20059F150 /* App Sound */,
				B2A3E6EC2902F2680059F150 /* RestartApp.swift */,
				B2A3E701290314510059F150 /* Screens */,
				B2A3E6F02902F26A0059F150 /* Assets.xcassets */,
				B2A3E6F22902F26A0059F150 /* Preview Content */,
			);
			path = Restart;
			sourceTree = "<group>";
		};
		B2A3E6F22902F26A0059F150 /* Preview Content */ = {
			isa = PBXGroup;
			children = (
				B2A3E6F32902F26A0059F150 /* Preview Assets.xcassets */,
			);
			path = "Preview Content";
			sourceTree = "<group>";
		};
		B2A3E6FA2902F2A20059F150 /* App Sound */ = {
			isa = PBXGroup;
			children = (
				B2A3E6FC2902F2AF0059F150 /* chimeup.mp3 */,
				B2A3E6FB2902F2AF0059F150 /* success.m4a */,
			);
			path = "App Sound";
			sourceTree = "<group>";
		};
		B2A3E701290314510059F150 /* Screens */ = {
			isa = PBXGroup;
			children = (
				B2A3E6EE2902F2680059F150 /* ContentView.swift */,
				B2A3E702290314610059F150 /* OnboardingView.swift */,
				B2A3E704290314790059F150 /* HomeView.swift */,
			);
			path = Screens;
			sourceTree = "<group>";
		};
		B2A3E70629031EF60059F150 /* Utilities */ = {
			isa = PBXGroup;
			children = (
				B2DFE5C429A695E200C7F027 /* Audio Player */,
				B2DFE5C129A55BA100C7F027 /* Custom Views */,
				B2A3E70729031F000059F150 /* Extensions */,
			);
			path = Utilities;
			sourceTree = "<group>";
		};
		B2A3E70729031F000059F150 /* Extensions */ = {
			isa = PBXGroup;
			children = (
				B2A3E70829031F170059F150 /* Text+Extension.swift */,
			);
			path = Extensions;
			sourceTree = "<group>";
		};
		B2DFE5C129A55BA100C7F027 /* Custom Views */ = {
			isa = PBXGroup;
			children = (
				B2DFE5C229A55BBC00C7F027 /* CircleGroupView.swift */,
			);
			path = "Custom Views";
			sourceTree = "<group>";
		};
		B2DFE5C429A695E200C7F027 /* Audio Player */ = {
			isa = PBXGroup;
			children = (
				B2DFE5C529A695F200C7F027 /* AudioPlayer.swift */,
			);
			path = "Audio Player";
			sourceTree = "<group>";
		};
/* End PBXGroup section */

/* Begin PBXNativeTarget section */
		B2A3E6E82902F2680059F150 /* Restart */ = {
			isa = PBXNativeTarget;
			buildConfigurationList = B2A3E6F72902F26A0059F150 /* Build configuration list for PBXNativeTarget "Restart" */;
			buildPhases = (
				B2A3E6E52902F2680059F150 /* Sources */,
				B2A3E6E62902F2680059F150 /* Frameworks */,
				B2A3E6E72902F2680059F150 /* Resources */,
			);
			buildRules = (
			);
			dependencies = (
			);
			name = Restart;
			productName = Restart;
			productReference = B2A3E6E92902F2680059F150 /* Restart.app */;
			productType = "com.apple.product-type.application";
		};
/* End PBXNativeTarget section */

/* Begin PBXProject section */
		B2A3E6E12902F2670059F150 /* Project object */ = {
			isa = PBXProject;
			attributes = {
				BuildIndependentTargetsInParallel = 1;
				LastSwiftUpdateCheck = 1400;
				LastUpgradeCheck = 1400;
				TargetAttributes = {
					B2A3E6E82902F2680059F150 = {
						CreatedOnToolsVersion = 14.0.1;
					};
				};
			};
			buildConfigurationList = B2A3E6E42902F2670059F150 /* Build configuration list for PBXProject "Restart" */;
			compatibilityVersion = "Xcode 14.0";
			developmentRegion = en;
			hasScannedForEncodings = 0;
			knownRegions = (
				en,
				Base,
			);
			mainGroup = B2A3E6E02902F2670059F150;
			productRefGroup = B2A3E6EA2902F2680059F150 /* Products */;
			projectDirPath = "";
			projectRoot = "";
			targets = (
				B2A3E6E82902F2680059F150 /* Restart */,
			);
		};
/* End PBXProject section */

/* Begin PBXResourcesBuildPhase section */
		B2A3E6E72902F2680059F150 /* Resources */ = {
			isa = PBXResourcesBuildPhase;
			buildActionMask = 2147483647;
			files = (
				B2A3E6FE2902F2AF0059F150 /* chimeup.mp3 in Resources */,
				B2A3E6F42902F26A0059F150 /* Preview Assets.xcassets in Resources */,
				B2A3E6FD2902F2AF0059F150 /* success.m4a in Resources */,
				B2A3E6F12902F26A0059F150 /* Assets.xcassets in Resources */,
			);
			runOnlyForDeploymentPostprocessing = 0;
		};
/* End PBXResourcesBuildPhase section */

/* Begin PBXSourcesBuildPhase section */
		B2A3E6E52902F2680059F150 /* Sources */ = {
			isa = PBXSourcesBuildPhase;
			buildActionMask = 2147483647;
			files = (
				B2A3E703290314610059F150 /* OnboardingView.swift in Sources */,
				B2A3E705290314790059F150 /* HomeView.swift in Sources */,
				B2A3E6EF2902F2680059F150 /* ContentView.swift in Sources */,
				B2A3E70929031F170059F150 /* Text+Extension.swift in Sources */,
				B2DFE5C329A55BBC00C7F027 /* CircleGroupView.swift in Sources */,
				B2A3E6ED2902F2680059F150 /* RestartApp.swift in Sources */,
				B2DFE5C629A695F200C7F027 /* AudioPlayer.swift in Sources */,
			);
			runOnlyForDeploymentPostprocessing = 0;
		};
/* End PBXSourcesBuildPhase section */

/* Begin XCBuildConfiguration section */
		B2A3E6F52902F26A0059F150 /* Debug */ = {
			isa = XCBuildConfiguration;
			buildSettings = {
				ALWAYS_SEARCH_USER_PATHS = NO;
				CLANG_ANALYZER_NONNULL = YES;
				CLANG_ANALYZER_NUMBER_OBJECT_CONVERSION = YES_AGGRESSIVE;
				CLANG_CXX_LANGUAGE_STANDARD = "gnu++20";
				CLANG_ENABLE_MODULES = YES;
				CLANG_ENABLE_OBJC_ARC = YES;
				CLANG_ENABLE_OBJC_WEAK = YES;
				CLANG_WARN_BLOCK_CAPTURE_AUTORELEASING = YES;
				CLANG_WARN_BOOL_CONVERSION = YES;
				CLANG_WARN_COMMA = YES;
				CLANG_WARN_CONSTANT_CONVERSION = YES;
				CLANG_WARN_DEPRECATED_OBJC_IMPLEMENTATIONS = YES;
				CLANG_WARN_DIRECT_OBJC_ISA_USAGE = YES_ERROR;
				CLANG_WARN_DOCUMENTATION_COMMENTS = YES;
				CLANG_WARN_EMPTY_BODY = YES;
				CLANG_WARN_ENUM_CONVERSION = YES;
				CLANG_WARN_INFINITE_RECURSION = YES;
				CLANG_WARN_INT_CONVERSION = YES;
				CLANG_WARN_NON_LITERAL_NULL_CONVERSION = YES;
				CLANG_WARN_OBJC_IMPLICIT_RETAIN_SELF = YES;
				CLANG_WARN_OBJC_LITERAL_CONVERSION = YES;
				CLANG_WARN_OBJC_ROOT_CLASS = YES_ERROR;
				CLANG_WARN_QUOTED_INCLUDE_IN_FRAMEWORK_HEADER = YES;
				CLANG_WARN_RANGE_LOOP_ANALYSIS = YES;
				CLANG_WARN_STRICT_PROTOTYPES = YES;
				CLANG_WARN_SUSPICIOUS_MOVE = YES;
				CLANG_WARN_UNGUARDED_AVAILABILITY = YES_AGGRESSIVE;
				CLANG_WARN_UNREACHABLE_CODE = YES;
				CLANG_WARN__DUPLICATE_METHOD_MATCH = YES;
				COPY_PHASE_STRIP = NO;
				DEBUG_INFORMATION_FORMAT = dwarf;
				ENABLE_STRICT_OBJC_MSGSEND = YES;
				ENABLE_TESTABILITY = YES;
				GCC_C_LANGUAGE_STANDARD = gnu11;
				GCC_DYNAMIC_NO_PIC = NO;
				GCC_NO_COMMON_BLOCKS = YES;
				GCC_OPTIMIZATION_LEVEL = 0;
				GCC_PREPROCESSOR_DEFINITIONS = (
					"DEBUG=1",
					"$(inherited)",
				);
				GCC_WARN_64_TO_32_BIT_CONVERSION = YES;
				GCC_WARN_ABOUT_RETURN_TYPE = YES_ERROR;
				GCC_WARN_UNDECLARED_SELECTOR = YES;
				GCC_WARN_UNINITIALIZED_AUTOS = YES_AGGRESSIVE;
				GCC_WARN_UNUSED_FUNCTION = YES;
				GCC_WARN_UNUSED_VARIABLE = YES;
				IPHONEOS_DEPLOYMENT_TARGET = 16.0;
				MTL_ENABLE_DEBUG_INFO = INCLUDE_SOURCE;
				MTL_FAST_MATH = YES;
				ONLY_ACTIVE_ARCH = YES;
				SDKROOT = iphoneos;
				SWIFT_ACTIVE_COMPILATION_CONDITIONS = DEBUG;
				SWIFT_OPTIMIZATION_LEVEL = "-Onone";
			};
			name = Debug;
		};
		B2A3E6F62902F26A0059F150 /* Release */ = {
			isa = XCBuildConfiguration;
			buildSettings = {
				ALWAYS_SEARCH_USER_PATHS = NO;
				CLANG_ANALYZER_NONNULL = YES;
				CLANG_ANALYZER_NUMBER_OBJECT_CONVERSION = YES_AGGRESSIVE;
				CLANG_CXX_LANGUAGE_STANDARD = "gnu++20";
				CLANG_ENABLE_MODULES = YES;
				CLANG_ENABLE_OBJC_ARC = YES;
				CLANG_ENABLE_OBJC_WEAK = YES;
				CLANG_WARN_BLOCK_CAPTURE_AUTORELEASING = YES;
				CLANG_WARN_BOOL_CONVERSION = YES;
				CLANG_WARN_COMMA = YES;
				CLANG_WARN_CONSTANT_CONVERSION = YES;
				CLANG_WARN_DEPRECATED_OBJC_IMPLEMENTATIONS = YES;
				CLANG_WARN_DIRECT_OBJC_ISA_USAGE = YES_ERROR;
				CLANG_WARN_DOCUMENTATION_COMMENTS = YES;
				CLANG_WARN_EMPTY_BODY = YES;
				CLANG_WARN_ENUM_CONVERSION = YES;
				CLANG_WARN_INFINITE_RECURSION = YES;
				CLANG_WARN_INT_CONVERSION = YES;
				CLANG_WARN_NON_LITERAL_NULL_CONVERSION = YES;
				CLANG_WARN_OBJC_IMPLICIT_RETAIN_SELF = YES;
				CLANG_WARN_OBJC_LITERAL_CONVERSION = YES;
				CLANG_WARN_OBJC_ROOT_CLASS = YES_ERROR;
				CLANG_WARN_QUOTED_INCLUDE_IN_FRAMEWORK_HEADER = YES;
				CLANG_WARN_RANGE_LOOP_ANALYSIS = YES;
				CLANG_WARN_STRICT_PROTOTYPES = YES;
				CLANG_WARN_SUSPICIOUS_MOVE = YES;
				CLANG_WARN_UNGUARDED_AVAILABILITY = YES_AGGRESSIVE;
				CLANG_WARN_UNREACHABLE_CODE = YES;
				CLANG_WARN__DUPLICATE_METHOD_MATCH = YES;
				COPY_PHASE_STRIP = NO;
				DEBUG_INFORMATION_FORMAT = "dwarf-with-dsym";
				ENABLE_NS_ASSERTIONS = NO;
				ENABLE_STRICT_OBJC_MSGSEND = YES;
				GCC_C_LANGUAGE_STANDARD = gnu11;
				GCC_NO_COMMON_BLOCKS = YES;
				GCC_WARN_64_TO_32_BIT_CONVERSION = YES;
				GCC_WARN_ABOUT_RETURN_TYPE = YES_ERROR;
				GCC_WARN_UNDECLARED_SELECTOR = YES;
				GCC_WARN_UNINITIALIZED_AUTOS = YES_AGGRESSIVE;
				GCC_WARN_UNUSED_FUNCTION = YES;
				GCC_WARN_UNUSED_VARIABLE = YES;
				IPHONEOS_DEPLOYMENT_TARGET = 16.0;
				MTL_ENABLE_DEBUG_INFO = NO;
				MTL_FAST_MATH = YES;
				SDKROOT = iphoneos;
				SWIFT_COMPILATION_MODE = wholemodule;
				SWIFT_OPTIMIZATION_LEVEL = "-O";
				VALIDATE_PRODUCT = YES;
			};
			name = Release;
		};
		B2A3E6F82902F26A0059F150 /* Debug */ = {
			isa = XCBuildConfiguration;
			buildSettings = {
				ASSETCATALOG_COMPILER_APPICON_NAME = AppIcon;
				ASSETCATALOG_COMPILER_GLOBAL_ACCENT_COLOR_NAME = AccentColor;
				CODE_SIGN_STYLE = Manual;
				CURRENT_PROJECT_VERSION = 1;
				DEVELOPMENT_ASSET_PATHS = "\"Restart/Preview Content\"";
				DEVELOPMENT_TEAM = "";
				ENABLE_PREVIEWS = YES;
				GENERATE_INFOPLIST_FILE = YES;
				INFOPLIST_KEY_UIApplicationSceneManifest_Generation = YES;
				INFOPLIST_KEY_UIApplicationSupportsIndirectInputEvents = YES;
				INFOPLIST_KEY_UILaunchScreen_Generation = YES;
				INFOPLIST_KEY_UIStatusBarStyle = "";
				INFOPLIST_KEY_UISupportedInterfaceOrientations = UIInterfaceOrientationPortrait;
				IPHONEOS_DEPLOYMENT_TARGET = 16.0;
				LD_RUNPATH_SEARCH_PATHS = (
					"$(inherited)",
					"@executable_path/Frameworks",
				);
				MARKETING_VERSION = 1.0;
				PRODUCT_BUNDLE_IDENTIFIER = com.parththakkar.Restart;
				PRODUCT_NAME = "$(TARGET_NAME)";
				PROVISIONING_PROFILE_SPECIFIER = "";
				SUPPORTED_PLATFORMS = "iphoneos iphonesimulator";
				SUPPORTS_MACCATALYST = NO;
				SUPPORTS_MAC_DESIGNED_FOR_IPHONE_IPAD = NO;
				SWIFT_EMIT_LOC_STRINGS = YES;
				SWIFT_VERSION = 5.0;
				TARGETED_DEVICE_FAMILY = 1;
			};
			name = Debug;
		};
		B2A3E6F92902F26A0059F150 /* Release */ = {
			isa = XCBuildConfiguration;
			buildSettings = {
				ASSETCATALOG_COMPILER_APPICON_NAME = AppIcon;
				ASSETCATALOG_COMPILER_GLOBAL_ACCENT_COLOR_NAME = AccentColor;
				CODE_SIGN_STYLE = Manual;
				CURRENT_PROJECT_VERSION = 1;
				DEVELOPMENT_ASSET_PATHS = "\"Restart/Preview Content\"";
				DEVELOPMENT_TEAM = "";
				ENABLE_PREVIEWS = YES;
				GENERATE_INFOPLIST_FILE = YES;
				INFOPLIST_KEY_UIApplicationSceneManifest_Generation = YES;
				INFOPLIST_KEY_UIApplicationSupportsIndirectInputEvents = YES;
				INFOPLIST_KEY_UILaunchScreen_Generation = YES;
				INFOPLIST_KEY_UIStatusBarStyle = "";
				INFOPLIST_KEY_UISupportedInterfaceOrientations = UIInterfaceOrientationPortrait;
				IPHONEOS_DEPLOYMENT_TARGET = 16.0;
				LD_RUNPATH_SEARCH_PATHS = (
					"$(inherited)",
					"@executable_path/Frameworks",
				);
				MARKETING_VERSION = 1.0;
				PRODUCT_BUNDLE_IDENTIFIER = com.parththakkar.Restart;
				PRODUCT_NAME = "$(TARGET_NAME)";
				PROVISIONING_PROFILE_SPECIFIER = "";
				SUPPORTED_PLATFORMS = "iphoneos iphonesimulator";
				SUPPORTS_MACCATALYST = NO;
				SUPPORTS_MAC_DESIGNED_FOR_IPHONE_IPAD = NO;
				SWIFT_EMIT_LOC_STRINGS = YES;
				SWIFT_VERSION = 5.0;
				TARGETED_DEVICE_FAMILY = 1;
			};
			name = Release;
		};
/* End XCBuildConfiguration section */

/* Begin XCConfigurationList section */
		B2A3E6E42902F2670059F150 /* Build configuration list for PBXProject "Restart" */ = {
			isa = XCConfigurationList;
			buildConfigurations = (
				B2A3E6F52902F26A0059F150 /* Debug */,
				B2A3E6F62902F26A0059F150 /* Release */,
			);
			defaultConfigurationIsVisible = 0;
			defaultConfigurationName = Release;
		};
		B2A3E6F72902F26A0059F150 /* Build configuration list for PBXNativeTarget "Restart" */ = {
			isa = XCConfigurationList;
			buildConfigurations = (
				B2A3E6F82902F26A0059F150 /* Debug */,
				B2A3E6F92902F26A0059F150 /* Release */,
			);
			defaultConfigurationIsVisible = 0;
			defaultConfigurationName = Release;
		};
/* End XCConfigurationList section */
	};
	rootObject = B2A3E6E12902F2670059F150 /* Project object */;
}
